uuid: ba3139b4-a0e7-4ba6-99c9-e4a94872d574
langcode: en
status: true
dependencies:
  module:
    - block
id: block--block
disabled: true
path: block/block
resourceType: block--block
resourceFields:
  id:
    fieldName: id
    publicName: id
    enhancer:
      id: ''
    disabled: false
    advancedOptionsIcon: ''
    enhancer_label: ''
  uuid:
    fieldName: uuid
    publicName: uuid
    enhancer:
      id: ''
    disabled: false
    advancedOptionsIcon: ''
    enhancer_label: ''
  langcode:
    fieldName: langcode
    publicName: langcode
    enhancer:
      id: ''
    disabled: false
    advancedOptionsIcon: ''
    enhancer_label: ''
  status:
    fieldName: status
    publicName: status
    enhancer:
      id: ''
    disabled: false
    advancedOptionsIcon: ''
    enhancer_label: ''
  dependencies:
    fieldName: dependencies
    publicName: dependencies
    enhancer:
      id: ''
    disabled: false
    advancedOptionsIcon: ''
    enhancer_label: ''
  third_party_settings:
    fieldName: third_party_settings
    publicName: third_party_settings
    enhancer:
      id: ''
    disabled: false
    advancedOptionsIcon: ''
    enhancer_label: ''
  _core:
    fieldName: _core
    publicName: _core
    enhancer:
      id: ''
    disabled: false
    advancedOptionsIcon: ''
    enhancer_label: ''
  theme:
    fieldName: theme
    publicName: theme
    enhancer:
      id: ''
    disabled: false
    advancedOptionsIcon: ''
    enhancer_label: ''
  region:
    fieldName: region
    publicName: region
    enhancer:
      id: ''
    disabled: false
    advancedOptionsIcon: ''
    enhancer_label: ''
  weight:
    fieldName: weight
    publicName: weight
    enhancer:
      id: ''
    disabled: false
    advancedOptionsIcon: ''
    enhancer_label: ''
  provider:
    fieldName: provider
    publicName: provider
    enhancer:
      id: ''
    disabled: false
    advancedOptionsIcon: ''
    enhancer_label: ''
  plugin:
    fieldName: plugin
    publicName: plugin
    enhancer:
      id: ''
    disabled: false
    advancedOptionsIcon: ''
    enhancer_label: ''
  settings:
    fieldName: settings
    publicName: settings
    enhancer:
      id: ''
    disabled: false
    advancedOptionsIcon: ''
    enhancer_label: ''
  visibility:
    fieldName: visibility
    publicName: visibility
    enhancer:
      id: ''
    disabled: false
    advancedOptionsIcon: ''
    enhancer_label: ''
